// !$*UTF8*$!
{
	archiveVersion = 1;
	classes = {
	};
	objectVersion = 55;
	objects = {

/* Begin PBXBuildFile section */
		9528885E277068D900E2538B /* Extension + UIView.swift in Sources */ = {isa = PBXBuildFile; fileRef = 9528885D277068D900E2538B /* Extension + UIView.swift */; };
		9528886027707AD400E2538B /* DateManager.swift in Sources */ = {isa = PBXBuildFile; fileRef = 9528885F27707AD400E2538B /* DateManager.swift */; };
		952F41D8276F5CFC00116E80 /* AppDelegate.swift in Sources */ = {isa = PBXBuildFile; fileRef = 952F41D7276F5CFC00116E80 /* AppDelegate.swift */; };
		952F41DA276F5CFC00116E80 /* SceneDelegate.swift in Sources */ = {isa = PBXBuildFile; fileRef = 952F41D9276F5CFC00116E80 /* SceneDelegate.swift */; };
		952F41DC276F5CFC00116E80 /* TwitterViewController.swift in Sources */ = {isa = PBXBuildFile; fileRef = 952F41DB276F5CFC00116E80 /* TwitterViewController.swift */; };
		952F41E1276F5CFD00116E80 /* Assets.xcassets in Resources */ = {isa = PBXBuildFile; fileRef = 952F41E0276F5CFD00116E80 /* Assets.xcassets */; };
		952F41E4276F5CFD00116E80 /* LaunchScreen.storyboard in Resources */ = {isa = PBXBuildFile; fileRef = 952F41E2276F5CFD00116E80 /* LaunchScreen.storyboard */; };
		952F41EC276F5DD300116E80 /* Post.swift in Sources */ = {isa = PBXBuildFile; fileRef = 952F41EB276F5DD300116E80 /* Post.swift */; };
		952F41EF276F61AA00116E80 /* NetworkManager.swift in Sources */ = {isa = PBXBuildFile; fileRef = 952F41EE276F61AA00116E80 /* NetworkManager.swift */; };
		953BD13E2774DAFD0096170E /* Extension + TableViewCell.swift in Sources */ = {isa = PBXBuildFile; fileRef = 953BD13D2774DAFD0096170E /* Extension + TableViewCell.swift */; };
		955723DF276FCC9D0043E4CE /* ErrorView.xib in Resources */ = {isa = PBXBuildFile; fileRef = 955723DE276FCC9D0043E4CE /* ErrorView.xib */; };
		955723E1276FD0FA0043E4CE /* ErrorView.swift in Sources */ = {isa = PBXBuildFile; fileRef = 955723E0276FD0FA0043E4CE /* ErrorView.swift */; };
		955723E3276FD18B0043E4CE /* LoadingView.xib in Resources */ = {isa = PBXBuildFile; fileRef = 955723E2276FD18B0043E4CE /* LoadingView.xib */; };
		955723E5276FD2D30043E4CE /* LoadinView.swift in Sources */ = {isa = PBXBuildFile; fileRef = 955723E4276FD2D30043E4CE /* LoadinView.swift */; };
		95811AE7276F7C81007C316B /* MainView.xib in Resources */ = {isa = PBXBuildFile; fileRef = 95811AE6276F7C81007C316B /* MainView.xib */; };
		95811AE9276F7C94007C316B /* MainView.swift in Sources */ = {isa = PBXBuildFile; fileRef = 95811AE8276F7C94007C316B /* MainView.swift */; };
		95811AEF276F827F007C316B /* StaticTableViewCell.swift in Sources */ = {isa = PBXBuildFile; fileRef = 95811AED276F827F007C316B /* StaticTableViewCell.swift */; };
		95811AF0276F827F007C316B /* StaticTableViewCell.xib in Resources */ = {isa = PBXBuildFile; fileRef = 95811AEE276F827F007C316B /* StaticTableViewCell.xib */; };
		95811AF5276F82EB007C316B /* DynamicTableViewCell.swift in Sources */ = {isa = PBXBuildFile; fileRef = 95811AF3276F82EB007C316B /* DynamicTableViewCell.swift */; };
		95811AF6276F82EB007C316B /* DynamicTableViewCell.xib in Resources */ = {isa = PBXBuildFile; fileRef = 95811AF4276F82EB007C316B /* DynamicTableViewCell.xib */; };
		98DD7B68FE8DE45372673B7D /* Pods_MetroTest.framework in Frameworks */ = {isa = PBXBuildFile; fileRef = E697E313E27947163E8DF6CD /* Pods_MetroTest.framework */; };
/* End PBXBuildFile section */

/* Begin PBXFileReference section */
		7CDC997D7BF76D9DCB70557E /* Pods-MetroTest.release.xcconfig */ = {isa = PBXFileReference; includeInIndex = 1; lastKnownFileType = text.xcconfig; name = "Pods-MetroTest.release.xcconfig"; path = "Target Support Files/Pods-MetroTest/Pods-MetroTest.release.xcconfig"; sourceTree = "<group>"; };
		9528885D277068D900E2538B /* Extension + UIView.swift */ = {isa = PBXFileReference; lastKnownFileType = sourcecode.swift; path = "Extension + UIView.swift"; sourceTree = "<group>"; };
		9528885F27707AD400E2538B /* DateManager.swift */ = {isa = PBXFileReference; lastKnownFileType = sourcecode.swift; path = DateManager.swift; sourceTree = "<group>"; };
		952F41D4276F5CFC00116E80 /* MetroTest.app */ = {isa = PBXFileReference; explicitFileType = wrapper.application; includeInIndex = 0; path = MetroTest.app; sourceTree = BUILT_PRODUCTS_DIR; };
		952F41D7276F5CFC00116E80 /* AppDelegate.swift */ = {isa = PBXFileReference; lastKnownFileType = sourcecode.swift; path = AppDelegate.swift; sourceTree = "<group>"; };
		952F41D9276F5CFC00116E80 /* SceneDelegate.swift */ = {isa = PBXFileReference; lastKnownFileType = sourcecode.swift; path = SceneDelegate.swift; sourceTree = "<group>"; };
		952F41DB276F5CFC00116E80 /* TwitterViewController.swift */ = {isa = PBXFileReference; lastKnownFileType = sourcecode.swift; path = TwitterViewController.swift; sourceTree = "<group>"; };
		952F41E0276F5CFD00116E80 /* Assets.xcassets */ = {isa = PBXFileReference; lastKnownFileType = folder.assetcatalog; path = Assets.xcassets; sourceTree = "<group>"; };
		952F41E3276F5CFD00116E80 /* Base */ = {isa = PBXFileReference; lastKnownFileType = file.storyboard; name = Base; path = Base.lproj/LaunchScreen.storyboard; sourceTree = "<group>"; };
		952F41E5276F5CFD00116E80 /* Info.plist */ = {isa = PBXFileReference; lastKnownFileType = text.plist.xml; path = Info.plist; sourceTree = "<group>"; };
		952F41EB276F5DD300116E80 /* Post.swift */ = {isa = PBXFileReference; lastKnownFileType = sourcecode.swift; path = Post.swift; sourceTree = "<group>"; };
		952F41EE276F61AA00116E80 /* NetworkManager.swift */ = {isa = PBXFileReference; lastKnownFileType = sourcecode.swift; path = NetworkManager.swift; sourceTree = "<group>"; };
		953BD13D2774DAFD0096170E /* Extension + TableViewCell.swift */ = {isa = PBXFileReference; lastKnownFileType = sourcecode.swift; path = "Extension + TableViewCell.swift"; sourceTree = "<group>"; };
		955723DE276FCC9D0043E4CE /* ErrorView.xib */ = {isa = PBXFileReference; lastKnownFileType = file.xib; path = ErrorView.xib; sourceTree = "<group>"; };
		955723E0276FD0FA0043E4CE /* ErrorView.swift */ = {isa = PBXFileReference; lastKnownFileType = sourcecode.swift; path = ErrorView.swift; sourceTree = "<group>"; };
		955723E2276FD18B0043E4CE /* LoadingView.xib */ = {isa = PBXFileReference; lastKnownFileType = file.xib; path = LoadingView.xib; sourceTree = "<group>"; };
		955723E4276FD2D30043E4CE /* LoadinView.swift */ = {isa = PBXFileReference; lastKnownFileType = sourcecode.swift; path = LoadinView.swift; sourceTree = "<group>"; };
		95811AE6276F7C81007C316B /* MainView.xib */ = {isa = PBXFileReference; lastKnownFileType = file.xib; path = MainView.xib; sourceTree = "<group>"; };
		95811AE8276F7C94007C316B /* MainView.swift */ = {isa = PBXFileReference; lastKnownFileType = sourcecode.swift; path = MainView.swift; sourceTree = "<group>"; };
		95811AED276F827F007C316B /* StaticTableViewCell.swift */ = {isa = PBXFileReference; lastKnownFileType = sourcecode.swift; path = StaticTableViewCell.swift; sourceTree = "<group>"; };
		95811AEE276F827F007C316B /* StaticTableViewCell.xib */ = {isa = PBXFileReference; lastKnownFileType = file.xib; path = StaticTableViewCell.xib; sourceTree = "<group>"; };
		95811AF3276F82EB007C316B /* DynamicTableViewCell.swift */ = {isa = PBXFileReference; lastKnownFileType = sourcecode.swift; path = DynamicTableViewCell.swift; sourceTree = "<group>"; };
		95811AF4276F82EB007C316B /* DynamicTableViewCell.xib */ = {isa = PBXFileReference; lastKnownFileType = file.xib; path = DynamicTableViewCell.xib; sourceTree = "<group>"; };
		C4AFB8C258A040D7DDE8CEC7 /* Pods-MetroTest.debug.xcconfig */ = {isa = PBXFileReference; includeInIndex = 1; lastKnownFileType = text.xcconfig; name = "Pods-MetroTest.debug.xcconfig"; path = "Target Support Files/Pods-MetroTest/Pods-MetroTest.debug.xcconfig"; sourceTree = "<group>"; };
		E697E313E27947163E8DF6CD /* Pods_MetroTest.framework */ = {isa = PBXFileReference; explicitFileType = wrapper.framework; includeInIndex = 0; path = Pods_MetroTest.framework; sourceTree = BUILT_PRODUCTS_DIR; };
/* End PBXFileReference section */

/* Begin PBXFrameworksBuildPhase section */
		952F41D1276F5CFC00116E80 /* Frameworks */ = {
			isa = PBXFrameworksBuildPhase;
			buildActionMask = 2147483647;
			files = (
				98DD7B68FE8DE45372673B7D /* Pods_MetroTest.framework in Frameworks */,
			);
			runOnlyForDeploymentPostprocessing = 0;
		};
/* End PBXFrameworksBuildPhase section */

/* Begin PBXGroup section */
		952888612770A07100E2538B /* Extension */ = {
			isa = PBXGroup;
			children = (
				9528885D277068D900E2538B /* Extension + UIView.swift */,
				953BD13D2774DAFD0096170E /* Extension + TableViewCell.swift */,
			);
			path = Extension;
			sourceTree = "<group>";
		};
		952F41CB276F5CFC00116E80 = {
			isa = PBXGroup;
			children = (
				952F41D6276F5CFC00116E80 /* MetroTest */,
				952F41D5276F5CFC00116E80 /* Products */,
				EE187E2FCBCD67BBA27D0D6A /* Pods */,
				F6788AE8B326328C96BD8551 /* Frameworks */,
			);
			sourceTree = "<group>";
		};
		952F41D5276F5CFC00116E80 /* Products */ = {
			isa = PBXGroup;
			children = (
				952F41D4276F5CFC00116E80 /* MetroTest.app */,
			);
			name = Products;
			sourceTree = "<group>";
		};
		952F41D6276F5CFC00116E80 /* MetroTest */ = {
			isa = PBXGroup;
			children = (
				952F41D7276F5CFC00116E80 /* AppDelegate.swift */,
				952F41D9276F5CFC00116E80 /* SceneDelegate.swift */,
				952888612770A07100E2538B /* Extension */,
				952F41ED276F5DD700116E80 /* Model */,
				95811AEA276F7C9A007C316B /* View */,
				95811AEB276F7C9F007C316B /* ViewController */,
				95811AEC276F80BB007C316B /* Services */,
				952F41E0276F5CFD00116E80 /* Assets.xcassets */,
				952F41E2276F5CFD00116E80 /* LaunchScreen.storyboard */,
				952F41E5276F5CFD00116E80 /* Info.plist */,
			);
			path = MetroTest;
			sourceTree = "<group>";
		};
		952F41ED276F5DD700116E80 /* Model */ = {
			isa = PBXGroup;
			children = (
				952F41EB276F5DD300116E80 /* Post.swift */,
			);
			path = Model;
			sourceTree = "<group>";
		};
		955723E6276FD32D0043E4CE /* MainView */ = {
			isa = PBXGroup;
			children = (
				95811AE8276F7C94007C316B /* MainView.swift */,
				95811AE6276F7C81007C316B /* MainView.xib */,
			);
			path = MainView;
			sourceTree = "<group>";
		};
		955723E7276FD3350043E4CE /* LoadingView */ = {
			isa = PBXGroup;
			children = (
				955723E4276FD2D30043E4CE /* LoadinView.swift */,
				955723E2276FD18B0043E4CE /* LoadingView.xib */,
			);
			path = LoadingView;
			sourceTree = "<group>";
		};
		955723E8276FD33C0043E4CE /* ErrorView */ = {
			isa = PBXGroup;
			children = (
				955723E0276FD0FA0043E4CE /* ErrorView.swift */,
				955723DE276FCC9D0043E4CE /* ErrorView.xib */,
			);
			path = ErrorView;
			sourceTree = "<group>";
		};
		955723E9276FD3530043E4CE /* TableViewCells */ = {
			isa = PBXGroup;
			children = (
				95811AED276F827F007C316B /* StaticTableViewCell.swift */,
				95811AEE276F827F007C316B /* StaticTableViewCell.xib */,
				95811AF3276F82EB007C316B /* DynamicTableViewCell.swift */,
				95811AF4276F82EB007C316B /* DynamicTableViewCell.xib */,
			);
			path = TableViewCells;
			sourceTree = "<group>";
		};
		95811AEA276F7C9A007C316B /* View */ = {
			isa = PBXGroup;
			children = (
				955723E6276FD32D0043E4CE /* MainView */,
				955723E7276FD3350043E4CE /* LoadingView */,
				955723E8276FD33C0043E4CE /* ErrorView */,
				955723E9276FD3530043E4CE /* TableViewCells */,
			);
			path = View;
			sourceTree = "<group>";
		};
		95811AEB276F7C9F007C316B /* ViewController */ = {
			isa = PBXGroup;
			children = (
				952F41DB276F5CFC00116E80 /* TwitterViewController.swift */,
			);
			path = ViewController;
			sourceTree = "<group>";
		};
		95811AEC276F80BB007C316B /* Services */ = {
			isa = PBXGroup;
			children = (
				952F41EE276F61AA00116E80 /* NetworkManager.swift */,
				9528885F27707AD400E2538B /* DateManager.swift */,
			);
			path = Services;
			sourceTree = "<group>";
		};
		EE187E2FCBCD67BBA27D0D6A /* Pods */ = {
			isa = PBXGroup;
			children = (
				C4AFB8C258A040D7DDE8CEC7 /* Pods-MetroTest.debug.xcconfig */,
				7CDC997D7BF76D9DCB70557E /* Pods-MetroTest.release.xcconfig */,
			);
			path = Pods;
			sourceTree = "<group>";
		};
		F6788AE8B326328C96BD8551 /* Frameworks */ = {
			isa = PBXGroup;
			children = (
				E697E313E27947163E8DF6CD /* Pods_MetroTest.framework */,
			);
			name = Frameworks;
			sourceTree = "<group>";
		};
/* End PBXGroup section */

/* Begin PBXNativeTarget section */
		952F41D3276F5CFC00116E80 /* MetroTest */ = {
			isa = PBXNativeTarget;
			buildConfigurationList = 952F41E8276F5CFD00116E80 /* Build configuration list for PBXNativeTarget "MetroTest" */;
			buildPhases = (
				F694856C46A777870ADBEB46 /* [CP] Check Pods Manifest.lock */,
				952F41D0276F5CFC00116E80 /* Sources */,
				952F41D1276F5CFC00116E80 /* Frameworks */,
				952F41D2276F5CFC00116E80 /* Resources */,
				0E2CAA58D2D83FF79AC232EA /* [CP] Embed Pods Frameworks */,
			);
			buildRules = (
			);
			dependencies = (
			);
			name = MetroTest;
			productName = MetroTest;
			productReference = 952F41D4276F5CFC00116E80 /* MetroTest.app */;
			productType = "com.apple.product-type.application";
		};
/* End PBXNativeTarget section */

/* Begin PBXProject section */
		952F41CC276F5CFC00116E80 /* Project object */ = {
			isa = PBXProject;
			attributes = {
				BuildIndependentTargetsInParallel = 1;
				LastSwiftUpdateCheck = 1310;
				LastUpgradeCheck = 1310;
				TargetAttributes = {
					952F41D3276F5CFC00116E80 = {
						CreatedOnToolsVersion = 13.1;
					};
				};
			};
			buildConfigurationList = 952F41CF276F5CFC00116E80 /* Build configuration list for PBXProject "MetroTest" */;
			compatibilityVersion = "Xcode 13.0";
			developmentRegion = en;
			hasScannedForEncodings = 0;
			knownRegions = (
				en,
				Base,
			);
			mainGroup = 952F41CB276F5CFC00116E80;
			productRefGroup = 952F41D5276F5CFC00116E80 /* Products */;
			projectDirPath = "";
			projectRoot = "";
			targets = (
				952F41D3276F5CFC00116E80 /* MetroTest */,
			);
		};
/* End PBXProject section */

/* Begin PBXResourcesBuildPhase section */
		952F41D2276F5CFC00116E80 /* Resources */ = {
			isa = PBXResourcesBuildPhase;
			buildActionMask = 2147483647;
			files = (
				952F41E4276F5CFD00116E80 /* LaunchScreen.storyboard in Resources */,
				955723E3276FD18B0043E4CE /* LoadingView.xib in Resources */,
				95811AE7276F7C81007C316B /* MainView.xib in Resources */,
				952F41E1276F5CFD00116E80 /* Assets.xcassets in Resources */,
				95811AF0276F827F007C316B /* StaticTableViewCell.xib in Resources */,
				955723DF276FCC9D0043E4CE /* ErrorView.xib in Resources */,
				95811AF6276F82EB007C316B /* DynamicTableViewCell.xib in Resources */,
			);
			runOnlyForDeploymentPostprocessing = 0;
		};
/* End PBXResourcesBuildPhase section */

/* Begin PBXShellScriptBuildPhase section */
		0E2CAA58D2D83FF79AC232EA /* [CP] Embed Pods Frameworks */ = {
			isa = PBXShellScriptBuildPhase;
			buildActionMask = 2147483647;
			files = (
			);
			inputFileListPaths = (
				"${PODS_ROOT}/Target Support Files/Pods-MetroTest/Pods-MetroTest-frameworks-${CONFIGURATION}-input-files.xcfilelist",
			);
			name = "[CP] Embed Pods Frameworks";
			outputFileListPaths = (
				"${PODS_ROOT}/Target Support Files/Pods-MetroTest/Pods-MetroTest-frameworks-${CONFIGURATION}-output-files.xcfilelist",
			);
			runOnlyForDeploymentPostprocessing = 0;
			shellPath = /bin/sh;
			shellScript = "\"${PODS_ROOT}/Target Support Files/Pods-MetroTest/Pods-MetroTest-frameworks.sh\"\n";
			showEnvVarsInLog = 0;
		};
		F694856C46A777870ADBEB46 /* [CP] Check Pods Manifest.lock */ = {
			isa = PBXShellScriptBuildPhase;
			buildActionMask = 2147483647;
			files = (
			);
			inputFileListPaths = (
			);
			inputPaths = (
				"${PODS_PODFILE_DIR_PATH}/Podfile.lock",
				"${PODS_ROOT}/Manifest.lock",
			);
			name = "[CP] Check Pods Manifest.lock";
			outputFileListPaths = (
			);
			outputPaths = (
				"$(DERIVED_FILE_DIR)/Pods-MetroTest-checkManifestLockResult.txt",
			);
			runOnlyForDeploymentPostprocessing = 0;
			shellPath = /bin/sh;
			shellScript = "diff \"${PODS_PODFILE_DIR_PATH}/Podfile.lock\" \"${PODS_ROOT}/Manifest.lock\" > /dev/null\nif [ $? != 0 ] ; then\n    # print error to STDERR\n    echo \"error: The sandbox is not in sync with the Podfile.lock. Run 'pod install' or update your CocoaPods installation.\" >&2\n    exit 1\nfi\n# This output is used by Xcode 'outputs' to avoid re-running this script phase.\necho \"SUCCESS\" > \"${SCRIPT_OUTPUT_FILE_0}\"\n";
			showEnvVarsInLog = 0;
		};
/* End PBXShellScriptBuildPhase section */

/* Begin PBXSourcesBuildPhase section */
		952F41D0276F5CFC00116E80 /* Sources */ = {
			isa = PBXSourcesBuildPhase;
			buildActionMask = 2147483647;
			files = (
				9528885E277068D900E2538B /* Extension + UIView.swift in Sources */,
				9528886027707AD400E2538B /* DateManager.swift in Sources */,
				952F41DC276F5CFC00116E80 /* TwitterViewController.swift in Sources */,
				95811AE9276F7C94007C316B /* MainView.swift in Sources */,
				952F41D8276F5CFC00116E80 /* AppDelegate.swift in Sources */,
				955723E5276FD2D30043E4CE /* LoadinView.swift in Sources */,
				952F41EF276F61AA00116E80 /* NetworkManager.swift in Sources */,
				952F41DA276F5CFC00116E80 /* SceneDelegate.swift in Sources */,
				95811AF5276F82EB007C316B /* DynamicTableViewCell.swift in Sources */,
				95811AEF276F827F007C316B /* StaticTableViewCell.swift in Sources */,
				953BD13E2774DAFD0096170E /* Extension + TableViewCell.swift in Sources */,
				952F41EC276F5DD300116E80 /* Post.swift in Sources */,
				955723E1276FD0FA0043E4CE /* ErrorView.swift in Sources */,
			);
			runOnlyForDeploymentPostprocessing = 0;
		};
/* End PBXSourcesBuildPhase section */

/* Begin PBXVariantGroup section */
		952F41E2276F5CFD00116E80 /* LaunchScreen.storyboard */ = {
			isa = PBXVariantGroup;
			children = (
				952F41E3276F5CFD00116E80 /* Base */,
			);
			name = LaunchScreen.storyboard;
			sourceTree = "<group>";
		};
/* End PBXVariantGroup section */

/* Begin XCBuildConfiguration section */
		952F41E6276F5CFD00116E80 /* Debug */ = {
			isa = XCBuildConfiguration;
			buildSettings = {
				ALWAYS_SEARCH_USER_PATHS = NO;
				CLANG_ANALYZER_NONNULL = YES;
				CLANG_ANALYZER_NUMBER_OBJECT_CONVERSION = YES_AGGRESSIVE;
				CLANG_CXX_LANGUAGE_STANDARD = "gnu++17";
				CLANG_CXX_LIBRARY = "libc++";
				CLANG_ENABLE_MODULES = YES;
				CLANG_ENABLE_OBJC_ARC = YES;
				CLANG_ENABLE_OBJC_WEAK = YES;
				CLANG_WARN_BLOCK_CAPTURE_AUTORELEASING = YES;
				CLANG_WARN_BOOL_CONVERSION = YES;
				CLANG_WARN_COMMA = YES;
				CLANG_WARN_CONSTANT_CONVERSION = YES;
				CLANG_WARN_DEPRECATED_OBJC_IMPLEMENTATIONS = YES;
				CLANG_WARN_DIRECT_OBJC_ISA_USAGE = YES_ERROR;
				CLANG_WARN_DOCUMENTATION_COMMENTS = YES;
				CLANG_WARN_EMPTY_BODY = YES;
				CLANG_WARN_ENUM_CONVERSION = YES;
				CLANG_WARN_INFINITE_RECURSION = YES;
				CLANG_WARN_INT_CONVERSION = YES;
				CLANG_WARN_NON_LITERAL_NULL_CONVERSION = YES;
				CLANG_WARN_OBJC_IMPLICIT_RETAIN_SELF = YES;
				CLANG_WARN_OBJC_LITERAL_CONVERSION = YES;
				CLANG_WARN_OBJC_ROOT_CLASS = YES_ERROR;
				CLANG_WARN_QUOTED_INCLUDE_IN_FRAMEWORK_HEADER = YES;
				CLANG_WARN_RANGE_LOOP_ANALYSIS = YES;
				CLANG_WARN_STRICT_PROTOTYPES = YES;
				CLANG_WARN_SUSPICIOUS_MOVE = YES;
				CLANG_WARN_UNGUARDED_AVAILABILITY = YES_AGGRESSIVE;
				CLANG_WARN_UNREACHABLE_CODE = YES;
				CLANG_WARN__DUPLICATE_METHOD_MATCH = YES;
				COPY_PHASE_STRIP = NO;
				DEBUG_INFORMATION_FORMAT = dwarf;
				ENABLE_STRICT_OBJC_MSGSEND = YES;
				ENABLE_TESTABILITY = YES;
				GCC_C_LANGUAGE_STANDARD = gnu11;
				GCC_DYNAMIC_NO_PIC = NO;
				GCC_NO_COMMON_BLOCKS = YES;
				GCC_OPTIMIZATION_LEVEL = 0;
				GCC_PREPROCESSOR_DEFINITIONS = (
					"DEBUG=1",
					"$(inherited)",
				);
				GCC_WARN_64_TO_32_BIT_CONVERSION = YES;
				GCC_WARN_ABOUT_RETURN_TYPE = YES_ERROR;
				GCC_WARN_UNDECLARED_SELECTOR = YES;
				GCC_WARN_UNINITIALIZED_AUTOS = YES_AGGRESSIVE;
				GCC_WARN_UNUSED_FUNCTION = YES;
				GCC_WARN_UNUSED_VARIABLE = YES;
				IPHONEOS_DEPLOYMENT_TARGET = 15.0;
				MTL_ENABLE_DEBUG_INFO = INCLUDE_SOURCE;
				MTL_FAST_MATH = YES;
				ONLY_ACTIVE_ARCH = YES;
				SDKROOT = iphoneos;
				SWIFT_ACTIVE_COMPILATION_CONDITIONS = DEBUG;
				SWIFT_OPTIMIZATION_LEVEL = "-Onone";
			};
			name = Debug;
		};
		952F41E7276F5CFD00116E80 /* Release */ = {
			isa = XCBuildConfiguration;
			buildSettings = {
				ALWAYS_SEARCH_USER_PATHS = NO;
				CLANG_ANALYZER_NONNULL = YES;
				CLANG_ANALYZER_NUMBER_OBJECT_CONVERSION = YES_AGGRESSIVE;
				CLANG_CXX_LANGUAGE_STANDARD = "gnu++17";
				CLANG_CXX_LIBRARY = "libc++";
				CLANG_ENABLE_MODULES = YES;
				CLANG_ENABLE_OBJC_ARC = YES;
				CLANG_ENABLE_OBJC_WEAK = YES;
				CLANG_WARN_BLOCK_CAPTURE_AUTORELEASING = YES;
				CLANG_WARN_BOOL_CONVERSION = YES;
				CLANG_WARN_COMMA = YES;
				CLANG_WARN_CONSTANT_CONVERSION = YES;
				CLANG_WARN_DEPRECATED_OBJC_IMPLEMENTATIONS = YES;
				CLANG_WARN_DIRECT_OBJC_ISA_USAGE = YES_ERROR;
				CLANG_WARN_DOCUMENTATION_COMMENTS = YES;
				CLANG_WARN_EMPTY_BODY = YES;
				CLANG_WARN_ENUM_CONVERSION = YES;
				CLANG_WARN_INFINITE_RECURSION = YES;
				CLANG_WARN_INT_CONVERSION = YES;
				CLANG_WARN_NON_LITERAL_NULL_CONVERSION = YES;
				CLANG_WARN_OBJC_IMPLICIT_RETAIN_SELF = YES;
				CLANG_WARN_OBJC_LITERAL_CONVERSION = YES;
				CLANG_WARN_OBJC_ROOT_CLASS = YES_ERROR;
				CLANG_WARN_QUOTED_INCLUDE_IN_FRAMEWORK_HEADER = YES;
				CLANG_WARN_RANGE_LOOP_ANALYSIS = YES;
				CLANG_WARN_STRICT_PROTOTYPES = YES;
				CLANG_WARN_SUSPICIOUS_MOVE = YES;
				CLANG_WARN_UNGUARDED_AVAILABILITY = YES_AGGRESSIVE;
				CLANG_WARN_UNREACHABLE_CODE = YES;
				CLANG_WARN__DUPLICATE_METHOD_MATCH = YES;
				COPY_PHASE_STRIP = NO;
				DEBUG_INFORMATION_FORMAT = "dwarf-with-dsym";
				ENABLE_NS_ASSERTIONS = NO;
				ENABLE_STRICT_OBJC_MSGSEND = YES;
				GCC_C_LANGUAGE_STANDARD = gnu11;
				GCC_NO_COMMON_BLOCKS = YES;
				GCC_WARN_64_TO_32_BIT_CONVERSION = YES;
				GCC_WARN_ABOUT_RETURN_TYPE = YES_ERROR;
				GCC_WARN_UNDECLARED_SELECTOR = YES;
				GCC_WARN_UNINITIALIZED_AUTOS = YES_AGGRESSIVE;
				GCC_WARN_UNUSED_FUNCTION = YES;
				GCC_WARN_UNUSED_VARIABLE = YES;
				IPHONEOS_DEPLOYMENT_TARGET = 15.0;
				MTL_ENABLE_DEBUG_INFO = NO;
				MTL_FAST_MATH = YES;
				SDKROOT = iphoneos;
				SWIFT_COMPILATION_MODE = wholemodule;
				SWIFT_OPTIMIZATION_LEVEL = "-O";
				VALIDATE_PRODUCT = YES;
			};
			name = Release;
		};
		952F41E9276F5CFD00116E80 /* Debug */ = {
			isa = XCBuildConfiguration;
			baseConfigurationReference = C4AFB8C258A040D7DDE8CEC7 /* Pods-MetroTest.debug.xcconfig */;
			buildSettings = {
				ASSETCATALOG_COMPILER_APPICON_NAME = AppIcon;
				ASSETCATALOG_COMPILER_GLOBAL_ACCENT_COLOR_NAME = AccentColor;
				CODE_SIGN_STYLE = Automatic;
				CURRENT_PROJECT_VERSION = 1;
				DEVELOPMENT_TEAM = LZR67SB886;
				GENERATE_INFOPLIST_FILE = YES;
				INFOPLIST_FILE = MetroTest/Info.plist;
				INFOPLIST_KEY_UIApplicationSupportsIndirectInputEvents = YES;
				INFOPLIST_KEY_UILaunchStoryboardName = LaunchScreen;
				INFOPLIST_KEY_UISupportedInterfaceOrientations_iPad = "UIInterfaceOrientationPortrait UIInterfaceOrientationPortraitUpsideDown UIInterfaceOrientationLandscapeLeft UIInterfaceOrientationLandscapeRight";
				INFOPLIST_KEY_UISupportedInterfaceOrientations_iPhone = "UIInterfaceOrientationPortrait UIInterfaceOrientationLandscapeLeft UIInterfaceOrientationLandscapeRight";
				LD_RUNPATH_SEARCH_PATHS = (
					"$(inherited)",
					"@executable_path/Frameworks",
				);
				MARKETING_VERSION = 1.0;
				PRODUCT_BUNDLE_IDENTIFIER = VP.MetroTest;
				PRODUCT_NAME = "$(TARGET_NAME)";
				SWIFT_EMIT_LOC_STRINGS = YES;
				SWIFT_VERSION = 5.0;
				TARGETED_DEVICE_FAMILY = "1,2";
			};
			name = Debug;
		};
		952F41EA276F5CFD00116E80 /* Release */ = {
			isa = XCBuildConfiguration;
			baseConfigurationReference = 7CDC997D7BF76D9DCB70557E /* Pods-MetroTest.release.xcconfig */;
			buildSettings = {
				ASSETCATALOG_COMPILER_APPICON_NAME = AppIcon;
				ASSETCATALOG_COMPILER_GLOBAL_ACCENT_COLOR_NAME = AccentColor;
				CODE_SIGN_STYLE = Automatic;
				CURRENT_PROJECT_VERSION = 1;
				DEVELOPMENT_TEAM = LZR67SB886;
				GENERATE_INFOPLIST_FILE = YES;
				INFOPLIST_FILE = MetroTest/Info.plist;
				INFOPLIST_KEY_UIApplicationSupportsIndirectInputEvents = YES;
				INFOPLIST_KEY_UILaunchStoryboardName = LaunchScreen;
				INFOPLIST_KEY_UISupportedInterfaceOrientations_iPad = "UIInterfaceOrientationPortrait UIInterfaceOrientationPortraitUpsideDown UIInterfaceOrientationLandscapeLeft UIInterfaceOrientationLandscapeRight";
				INFOPLIST_KEY_UISupportedInterfaceOrientations_iPhone = "UIInterfaceOrientationPortrait UIInterfaceOrientationLandscapeLeft UIInterfaceOrientationLandscapeRight";
				LD_RUNPATH_SEARCH_PATHS = (
					"$(inherited)",
					"@executable_path/Frameworks",
				);
				MARKETING_VERSION = 1.0;
				PRODUCT_BUNDLE_IDENTIFIER = VP.MetroTest;
				PRODUCT_NAME = "$(TARGET_NAME)";
				SWIFT_EMIT_LOC_STRINGS = YES;
				SWIFT_VERSION = 5.0;
				TARGETED_DEVICE_FAMILY = "1,2";
			};
			name = Release;
		};
/* End XCBuildConfiguration section */

/* Begin XCConfigurationList section */
		952F41CF276F5CFC00116E80 /* Build configuration list for PBXProject "MetroTest" */ = {
			isa = XCConfigurationList;
			buildConfigurations = (
				952F41E6276F5CFD00116E80 /* Debug */,
				952F41E7276F5CFD00116E80 /* Release */,
			);
			defaultConfigurationIsVisible = 0;
			defaultConfigurationName = Release;
		};
		952F41E8276F5CFD00116E80 /* Build configuration list for PBXNativeTarget "MetroTest" */ = {
			isa = XCConfigurationList;
			buildConfigurations = (
				952F41E9276F5CFD00116E80 /* Debug */,
				952F41EA276F5CFD00116E80 /* Release */,
			);
			defaultConfigurationIsVisible = 0;
			defaultConfigurationName = Release;
		};
/* End XCConfigurationList section */
	};
	rootObject = 952F41CC276F5CFC00116E80 /* Project object */;
}
